
Microsoft Visual Studio Solution File, Format Version 12.00
# Visual Studio Version 16
VisualStudioVersion = 16.0.30225.117
MinimumVisualStudioVersion = 10.0.40219.1
Project("{FAE04EC0-301F-11D3-BF4B-00C04F79EFBC}") = "Server", "Messanger\Server.csproj", "{7C3EC8C6-DD2C-4C93-8E1D-A75CD2F3F05A}"
EndProject
Global
	GlobalSection(SolutionConfigurationPlatforms) = preSolution
		Debug|Any CPU = Debug|Any CPU
		Release|Any CPU = Release|Any CPU
	EndGlobalSection
	GlobalSection(ProjectConfigurationPlatforms) = postSolution
		{7C3EC8C6-DD2C-4C93-8E1D-A75CD2F3F05A}.Debug|Any CPU.ActiveCfg = Debug|Any CPU
		{7C3EC8C6-DD2C-4C93-8E1D-A75CD2F3F05A}.Debug|Any CPU.Build.0 = Debug|Any CPU
		{7C3EC8C6-DD2C-4C93-8E1D-A75CD2F3F05A}.Release|Any CPU.ActiveCfg = Release|Any CPU
		{7C3EC8C6-DD2C-4C93-8E1D-A75CD2F3F05A}.Release|Any CPU.Build.0 = Release|Any CPU
	EndGlobalSection
	GlobalSection(SolutionProperties) = preSolution
		HideSolutionNode = FALSE
	EndGlobalSection
	GlobalSection(ExtensibilityGlobals) = postSolution
		SolutionGuid = {1DEACA84-E024-46A9-B0B2-0F0A73E5427B}
	EndGlobalSection
EndGlobal
